
Microsoft Visual Studio Solution File, Format Version 12.00
# Visual Studio Version 16
VisualStudioVersion = 16.0.32413.511
MinimumVisualStudioVersion = 10.0.40219.1
Project("{FAE04EC0-301F-11D3-BF4B-00C04F79EFBC}") = "FASHION.API", "FASHION.API\FASHION.API.csproj", "{F88F7ADB-A83A-44FD-88FD-260E1DD191EC}"
EndProject
Global
	GlobalSection(SolutionConfigurationPlatforms) = preSolution
		Debug|Any CPU = Debug|Any CPU
		Release|Any CPU = Release|Any CPU
	EndGlobalSection
	GlobalSection(ProjectConfigurationPlatforms) = postSolution
		{F88F7ADB-A83A-44FD-88FD-260E1DD191EC}.Debug|Any CPU.ActiveCfg = Debug|Any CPU
		{F88F7ADB-A83A-44FD-88FD-260E1DD191EC}.Debug|Any CPU.Build.0 = Debug|Any CPU
		{F88F7ADB-A83A-44FD-88FD-260E1DD191EC}.Release|Any CPU.ActiveCfg = Release|Any CPU
		{F88F7ADB-A83A-44FD-88FD-260E1DD191EC}.Release|Any CPU.Build.0 = Release|Any CPU
	EndGlobalSection
	GlobalSection(SolutionProperties) = preSolution
		HideSolutionNode = FALSE
	EndGlobalSection
	GlobalSection(ExtensibilityGlobals) = postSolution
		SolutionGuid = {FF892164-3EF7-4A58-B1F4-CC81A7DC376E}
	EndGlobalSection
EndGlobal
